<?xml version="1.0" encoding="utf-8"?>
<Project ToolsVersion="17.0" xmlns="http://schemas.microsoft.com/developer/msbuild/2003">
  <ItemGroup>
    <ClCompile Include="C:\Users\khali\OneDrive\Desktop\dev\FTMGui\FTMGui\src\EntryPoint.cpp">
      <Filter>Source Files</Filter>
    </ClCompile>
    <ClCompile Include="C:\Users\khali\OneDrive\Desktop\dev\FTMGui\FTMGui\src\Events\EventDispatcher.cpp">
      <Filter>Source Files</Filter>
    </ClCompile>
    <ClCompile Include="C:\Users\khali\OneDrive\Desktop\dev\FTMGui\FTMGui\src\FTMGui.cpp">
      <Filter>Source Files</Filter>
    </ClCompile>
    <ClCompile Include="C:\Users\khali\OneDrive\Desktop\dev\FTMGui\FTMGui\src\Layers\LayerStack.cpp">
      <Filter>Source Files</Filter>
    </ClCompile>
    <ClCompile Include="C:\Users\khali\OneDrive\Desktop\dev\FTMGui\FTMGui\src\Platform\Vulkan\VulkanInstance.cpp">
      <Filter>Source Files</Filter>
    </ClCompile>
    <ClCompile Include="C:\Users\khali\OneDrive\Desktop\dev\FTMGui\FTMGui\src\Platform\Vulkan\VulkanPhysicalDevice.cpp">
      <Filter>Source Files</Filter>
    </ClCompile>
    <ClCompile Include="C:\Users\khali\OneDrive\Desktop\dev\FTMGui\FTMGui\src\Utils\Log.cpp">
      <Filter>Source Files</Filter>
    </ClCompile>
    <ClCompile Include="C:\Users\khali\OneDrive\Desktop\dev\FTMGui\FTMGui\src\Utils\Logging.cpp">
      <Filter>Source Files</Filter>
    </ClCompile>
    <ClCompile Include="C:\Users\khali\OneDrive\Desktop\dev\FTMGui\FTMGui\src\Window\Window.cpp">
      <Filter>Source Files</Filter>
    </ClCompile>
    <ClCompile Include="FTMGui\src\Platform\Vulkan\VulkanDevice.cpp" />
    <ClCompile Include="FTMGui\src\Platform\Vulkan\VulkanSurface.cpp" />
    <ClCompile Include="FTMGui\src\Platform\Vulkan\VulkanSwapchain.cpp" />
    <ClCompile Include="FTMGui\src\Utils\File.cpp" />
    <ClCompile Include="FTMGui\src\Platform\Vulkan\VulkanPipeline.cpp" />
    <ClCompile Include="FTMGui\src\Platform\Vulkan\VulkanRenderPass.cpp" />
    <ClCompile Include="FTMGui\src\Platform\Vulkan\VulkanFramebuffer.cpp" />
    <ClCompile Include="FTMGui\src\Platform\Vulkan\VulkanCommandPool.cpp" />
    <ClCompile Include="FTMGui\src\Platform\Vulkan\VulkanCommandBuffer.cpp" />
    <ClCompile Include="FTMGui\src\Platform\Vulkan\VulkanSemaphore.cpp" />
    <ClCompile Include="FTMGui\src\Platform\Vulkan\VulkanFence.cpp" />
    <ClCompile Include="FTMGui\src\Platform\Vulkan\VulkanBuffer.cpp" />
  </ItemGroup>
  <ItemGroup>
    <Filter Include="Source Files">
      <UniqueIdentifier>{184FBE48-466D-3437-86BF-B222A8A71A88}</UniqueIdentifier>
    </Filter>
  </ItemGroup>
  <ItemGroup>
    <ClInclude Include="FTMGui\src\Platform\Vulkan\VulkanDevice.h" />
    <ClInclude Include="FTMGui\src\Window\GLFWBase.h" />
    <ClInclude Include="FTMGui\src\Platform\Vulkan\VulkanSurface.h" />
    <ClInclude Include="FTMGui\src\Platform\Vulkan\VulkanSwapchain.h" />
    <ClInclude Include="FTMGui\src\Utils\File.h" />
    <ClInclude Include="FTMGui\src\Platform\Vulkan\VulkanPipeline.h" />
    <ClInclude Include="FTMGui\src\Platform\Vulkan\VulkanRenderPass.h" />
    <ClInclude Include="FTMGui\src\Platform\Vulkan\VulkanFramebuffer.h" />
    <ClInclude Include="FTMGui\src\Platform\Vulkan\VulkanCommandPool.h" />
    <ClInclude Include="FTMGui\src\Platform\Vulkan\VulkanCommandBuffer.h" />
    <ClInclude Include="FTMGui\src\Platform\Vulkan\VulkanSemaphore.h" />
    <ClInclude Include="FTMGui\src\Platform\Vulkan\VulkanFence.h" />
    <ClInclude Include="FTMGui\src\Platform\Vulkan\VulkanBuffer.h" />
    <ClInclude Include="FTMGui\src\Platform\Vulkan\VulkanBase.h" />
  </ItemGroup>
  <ItemGroup>
    <None Include="FTMGui\src\Platform\Vulkan\TestShader.vert" />
    <None Include="FTMGui\src\Platform\Vulkan\TestShader.frag" />
  </ItemGroup>
</Project>